
Microsoft Visual Studio Solution File, Format Version 12.00
# Visual Studio Version 16
VisualStudioVersion = 16.0.30225.117
MinimumVisualStudioVersion = 10.0.40219.1
Project("{FAE04EC0-301F-11D3-BF4B-00C04F79EFBC}") = "SimulaCovid", "SimulaCovid\SimulaCovid.csproj", "{B00CB5CD-04C1-4E22-88CA-11AE6AF06F4E}"
EndProject
Global
	GlobalSection(SolutionConfigurationPlatforms) = preSolution
		Debug|Any CPU = Debug|Any CPU
		Release|Any CPU = Release|Any CPU
	EndGlobalSection
	GlobalSection(ProjectConfigurationPlatforms) = postSolution
		{B00CB5CD-04C1-4E22-88CA-11AE6AF06F4E}.Debug|Any CPU.ActiveCfg = Debug|Any CPU
		{B00CB5CD-04C1-4E22-88CA-11AE6AF06F4E}.Debug|Any CPU.Build.0 = Debug|Any CPU
		{B00CB5CD-04C1-4E22-88CA-11AE6AF06F4E}.Release|Any CPU.ActiveCfg = Release|Any CPU
		{B00CB5CD-04C1-4E22-88CA-11AE6AF06F4E}.Release|Any CPU.Build.0 = Release|Any CPU
	EndGlobalSection
	GlobalSection(SolutionProperties) = preSolution
		HideSolutionNode = FALSE
	EndGlobalSection
	GlobalSection(ExtensibilityGlobals) = postSolution
		SolutionGuid = {9715F354-92C1-4C63-8EE7-B98B6F9464D9}
	EndGlobalSection
EndGlobal
