
Microsoft Visual Studio Solution File, Format Version 12.00
# Visual Studio Version 16
VisualStudioVersion = 16.0.30225.117
MinimumVisualStudioVersion = 10.0.40219.1
Project("{9A19103F-16F7-4668-BE54-9A1E7A4F7556}") = "PerfectNumbers", "PerfectNumbers.csproj", "{4E7D8C93-BC9D-4CC5-9D17-896D09EAC133}"
EndProject
Global
	GlobalSection(SolutionConfigurationPlatforms) = preSolution
		Debug|Any CPU = Debug|Any CPU
		Release|Any CPU = Release|Any CPU
	EndGlobalSection
	GlobalSection(ProjectConfigurationPlatforms) = postSolution
		{4E7D8C93-BC9D-4CC5-9D17-896D09EAC133}.Debug|Any CPU.ActiveCfg = Debug|Any CPU
		{4E7D8C93-BC9D-4CC5-9D17-896D09EAC133}.Debug|Any CPU.Build.0 = Debug|Any CPU
		{4E7D8C93-BC9D-4CC5-9D17-896D09EAC133}.Release|Any CPU.ActiveCfg = Release|Any CPU
		{4E7D8C93-BC9D-4CC5-9D17-896D09EAC133}.Release|Any CPU.Build.0 = Release|Any CPU
	EndGlobalSection
	GlobalSection(SolutionProperties) = preSolution
		HideSolutionNode = FALSE
	EndGlobalSection
	GlobalSection(ExtensibilityGlobals) = postSolution
		SolutionGuid = {3D64B997-E28F-4A50-906A-098D9FD0D122}
	EndGlobalSection
EndGlobal
