
Microsoft Visual Studio Solution File, Format Version 12.00
# Visual Studio Version 16
VisualStudioVersion = 16.0.30225.117
MinimumVisualStudioVersion = 10.0.40219.1
Project("{9A19103F-16F7-4668-BE54-9A1E7A4F7556}") = "Strain", "Strain.csproj", "{F4AF4185-4D32-4C1A-A693-FB8665268D32}"
EndProject
Global
	GlobalSection(SolutionConfigurationPlatforms) = preSolution
		Debug|Any CPU = Debug|Any CPU
		Release|Any CPU = Release|Any CPU
	EndGlobalSection
	GlobalSection(ProjectConfigurationPlatforms) = postSolution
		{F4AF4185-4D32-4C1A-A693-FB8665268D32}.Debug|Any CPU.ActiveCfg = Debug|Any CPU
		{F4AF4185-4D32-4C1A-A693-FB8665268D32}.Debug|Any CPU.Build.0 = Debug|Any CPU
		{F4AF4185-4D32-4C1A-A693-FB8665268D32}.Release|Any CPU.ActiveCfg = Release|Any CPU
		{F4AF4185-4D32-4C1A-A693-FB8665268D32}.Release|Any CPU.Build.0 = Release|Any CPU
	EndGlobalSection
	GlobalSection(SolutionProperties) = preSolution
		HideSolutionNode = FALSE
	EndGlobalSection
	GlobalSection(ExtensibilityGlobals) = postSolution
		SolutionGuid = {AA292D05-947F-49EC-9889-C080939C130E}
	EndGlobalSection
EndGlobal
