
Microsoft Visual Studio Solution File, Format Version 12.00
# Visual Studio Version 16
VisualStudioVersion = 16.0.30225.117
MinimumVisualStudioVersion = 10.0.40219.1
Project("{9A19103F-16F7-4668-BE54-9A1E7A4F7556}") = "Leap", "Leap.csproj", "{FA6C0D67-58FB-4A97-8268-15BEE6554149}"
EndProject
Global
	GlobalSection(SolutionConfigurationPlatforms) = preSolution
		Debug|Any CPU = Debug|Any CPU
		Release|Any CPU = Release|Any CPU
	EndGlobalSection
	GlobalSection(ProjectConfigurationPlatforms) = postSolution
		{FA6C0D67-58FB-4A97-8268-15BEE6554149}.Debug|Any CPU.ActiveCfg = Debug|Any CPU
		{FA6C0D67-58FB-4A97-8268-15BEE6554149}.Debug|Any CPU.Build.0 = Debug|Any CPU
		{FA6C0D67-58FB-4A97-8268-15BEE6554149}.Release|Any CPU.ActiveCfg = Release|Any CPU
		{FA6C0D67-58FB-4A97-8268-15BEE6554149}.Release|Any CPU.Build.0 = Release|Any CPU
	EndGlobalSection
	GlobalSection(SolutionProperties) = preSolution
		HideSolutionNode = FALSE
	EndGlobalSection
	GlobalSection(ExtensibilityGlobals) = postSolution
		SolutionGuid = {EED2BF1C-7FF5-475B-B558-8E60D5236520}
	EndGlobalSection
EndGlobal
