
Microsoft Visual Studio Solution File, Format Version 12.00
# Visual Studio Version 16
VisualStudioVersion = 16.0.30225.117
MinimumVisualStudioVersion = 10.0.40219.1
Project("{9A19103F-16F7-4668-BE54-9A1E7A4F7556}") = "RobotName", "RobotName.csproj", "{EC158732-7E0F-49FE-B757-ED87DE84607A}"
EndProject
Global
	GlobalSection(SolutionConfigurationPlatforms) = preSolution
		Debug|Any CPU = Debug|Any CPU
		Release|Any CPU = Release|Any CPU
	EndGlobalSection
	GlobalSection(ProjectConfigurationPlatforms) = postSolution
		{EC158732-7E0F-49FE-B757-ED87DE84607A}.Debug|Any CPU.ActiveCfg = Debug|Any CPU
		{EC158732-7E0F-49FE-B757-ED87DE84607A}.Debug|Any CPU.Build.0 = Debug|Any CPU
		{EC158732-7E0F-49FE-B757-ED87DE84607A}.Release|Any CPU.ActiveCfg = Release|Any CPU
		{EC158732-7E0F-49FE-B757-ED87DE84607A}.Release|Any CPU.Build.0 = Release|Any CPU
	EndGlobalSection
	GlobalSection(SolutionProperties) = preSolution
		HideSolutionNode = FALSE
	EndGlobalSection
	GlobalSection(ExtensibilityGlobals) = postSolution
		SolutionGuid = {A9BA4AC6-8EF0-4EC3-8250-09D6D3E8FFF7}
	EndGlobalSection
EndGlobal
