
Microsoft Visual Studio Solution File, Format Version 12.00
# Visual Studio Version 16
VisualStudioVersion = 16.0.30225.117
MinimumVisualStudioVersion = 10.0.40219.1
Project("{9A19103F-16F7-4668-BE54-9A1E7A4F7556}") = "React", "React.csproj", "{D4A62EF8-CB04-48D2-A108-3917FC872F73}"
EndProject
Global
	GlobalSection(SolutionConfigurationPlatforms) = preSolution
		Debug|Any CPU = Debug|Any CPU
		Release|Any CPU = Release|Any CPU
	EndGlobalSection
	GlobalSection(ProjectConfigurationPlatforms) = postSolution
		{D4A62EF8-CB04-48D2-A108-3917FC872F73}.Debug|Any CPU.ActiveCfg = Debug|Any CPU
		{D4A62EF8-CB04-48D2-A108-3917FC872F73}.Debug|Any CPU.Build.0 = Debug|Any CPU
		{D4A62EF8-CB04-48D2-A108-3917FC872F73}.Release|Any CPU.ActiveCfg = Release|Any CPU
		{D4A62EF8-CB04-48D2-A108-3917FC872F73}.Release|Any CPU.Build.0 = Release|Any CPU
	EndGlobalSection
	GlobalSection(SolutionProperties) = preSolution
		HideSolutionNode = FALSE
	EndGlobalSection
	GlobalSection(ExtensibilityGlobals) = postSolution
		SolutionGuid = {B3BF008B-2DE8-447C-AA81-2C5C0C129F3C}
	EndGlobalSection
EndGlobal
