
Microsoft Visual Studio Solution File, Format Version 12.00
# Visual Studio Version 16
VisualStudioVersion = 16.0.30225.117
MinimumVisualStudioVersion = 10.0.40219.1
Project("{FAE04EC0-301F-11D3-BF4B-00C04F79EFBC}") = "ProjetoPadawan", "ProjetoPadawan\ProjetoPadawan.csproj", "{FA8C7CAD-00D3-4CED-A0F4-347716A0EA8D}"
EndProject
Project("{FAE04EC0-301F-11D3-BF4B-00C04F79EFBC}") = "ProjetoModels", "ProjetoModels\ProjetoModels.csproj", "{E143D6D6-8A42-41A3-A188-C2B15CA1F73A}"
EndProject
Global
	GlobalSection(SolutionConfigurationPlatforms) = preSolution
		Debug|Any CPU = Debug|Any CPU
		Release|Any CPU = Release|Any CPU
	EndGlobalSection
	GlobalSection(ProjectConfigurationPlatforms) = postSolution
		{FA8C7CAD-00D3-4CED-A0F4-347716A0EA8D}.Debug|Any CPU.ActiveCfg = Debug|Any CPU
		{FA8C7CAD-00D3-4CED-A0F4-347716A0EA8D}.Debug|Any CPU.Build.0 = Debug|Any CPU
		{FA8C7CAD-00D3-4CED-A0F4-347716A0EA8D}.Release|Any CPU.ActiveCfg = Release|Any CPU
		{FA8C7CAD-00D3-4CED-A0F4-347716A0EA8D}.Release|Any CPU.Build.0 = Release|Any CPU
		{E143D6D6-8A42-41A3-A188-C2B15CA1F73A}.Debug|Any CPU.ActiveCfg = Debug|Any CPU
		{E143D6D6-8A42-41A3-A188-C2B15CA1F73A}.Debug|Any CPU.Build.0 = Debug|Any CPU
		{E143D6D6-8A42-41A3-A188-C2B15CA1F73A}.Release|Any CPU.ActiveCfg = Release|Any CPU
		{E143D6D6-8A42-41A3-A188-C2B15CA1F73A}.Release|Any CPU.Build.0 = Release|Any CPU
	EndGlobalSection
	GlobalSection(SolutionProperties) = preSolution
		HideSolutionNode = FALSE
	EndGlobalSection
	GlobalSection(ExtensibilityGlobals) = postSolution
		SolutionGuid = {37F87546-0272-4CBC-B177-B71EE629C776}
	EndGlobalSection
EndGlobal
