
Microsoft Visual Studio Solution File, Format Version 12.00
# Visual Studio Version 16
VisualStudioVersion = 16.0.30225.117
MinimumVisualStudioVersion = 10.0.40219.1
Project("{9A19103F-16F7-4668-BE54-9A1E7A4F7556}") = "NucleotideCount", "NucleotideCount.csproj", "{C99D1813-A8CD-4B96-BA9E-DC1EC4DF7522}"
EndProject
Global
	GlobalSection(SolutionConfigurationPlatforms) = preSolution
		Debug|Any CPU = Debug|Any CPU
		Release|Any CPU = Release|Any CPU
	EndGlobalSection
	GlobalSection(ProjectConfigurationPlatforms) = postSolution
		{C99D1813-A8CD-4B96-BA9E-DC1EC4DF7522}.Debug|Any CPU.ActiveCfg = Debug|Any CPU
		{C99D1813-A8CD-4B96-BA9E-DC1EC4DF7522}.Debug|Any CPU.Build.0 = Debug|Any CPU
		{C99D1813-A8CD-4B96-BA9E-DC1EC4DF7522}.Release|Any CPU.ActiveCfg = Release|Any CPU
		{C99D1813-A8CD-4B96-BA9E-DC1EC4DF7522}.Release|Any CPU.Build.0 = Release|Any CPU
	EndGlobalSection
	GlobalSection(SolutionProperties) = preSolution
		HideSolutionNode = FALSE
	EndGlobalSection
	GlobalSection(ExtensibilityGlobals) = postSolution
		SolutionGuid = {A0C60062-1FAD-4C0A-9EC0-6FCF0A9E45A3}
	EndGlobalSection
EndGlobal
