
Microsoft Visual Studio Solution File, Format Version 12.00
# Visual Studio Version 16
VisualStudioVersion = 16.0.30225.117
MinimumVisualStudioVersion = 10.0.40219.1
Project("{9A19103F-16F7-4668-BE54-9A1E7A4F7556}") = "Hamming", "Hamming.csproj", "{A2E8A0F8-1D60-40AA-8FAC-0D9CBFC469B6}"
EndProject
Global
	GlobalSection(SolutionConfigurationPlatforms) = preSolution
		Debug|Any CPU = Debug|Any CPU
		Release|Any CPU = Release|Any CPU
	EndGlobalSection
	GlobalSection(ProjectConfigurationPlatforms) = postSolution
		{A2E8A0F8-1D60-40AA-8FAC-0D9CBFC469B6}.Debug|Any CPU.ActiveCfg = Debug|Any CPU
		{A2E8A0F8-1D60-40AA-8FAC-0D9CBFC469B6}.Debug|Any CPU.Build.0 = Debug|Any CPU
		{A2E8A0F8-1D60-40AA-8FAC-0D9CBFC469B6}.Release|Any CPU.ActiveCfg = Release|Any CPU
		{A2E8A0F8-1D60-40AA-8FAC-0D9CBFC469B6}.Release|Any CPU.Build.0 = Release|Any CPU
	EndGlobalSection
	GlobalSection(SolutionProperties) = preSolution
		HideSolutionNode = FALSE
	EndGlobalSection
	GlobalSection(ExtensibilityGlobals) = postSolution
		SolutionGuid = {EEF4A5BF-7EE0-4C05-B21A-06C699CC8C0C}
	EndGlobalSection
EndGlobal
